
Microsoft Visual Studio Solution File, Format Version 12.00
# Visual Studio Version 17
VisualStudioVersion = 17.5.002.0
MinimumVisualStudioVersion = 10.0.40219.1
Project("{9A19103F-16F7-4668-BE54-9A1E7A4F7556}") = "dotnet-rgb", "dotnet-rgb.csproj", "{CA15FB04-08BA-435F-9148-D1024BC082BA}"
EndProject
Global
	GlobalSection(SolutionConfigurationPlatforms) = preSolution
		Debug|Any CPU = Debug|Any CPU
		Release|Any CPU = Release|Any CPU
	EndGlobalSection
	GlobalSection(ProjectConfigurationPlatforms) = postSolution
		{CA15FB04-08BA-435F-9148-D1024BC082BA}.Debug|Any CPU.ActiveCfg = Debug|Any CPU
		{CA15FB04-08BA-435F-9148-D1024BC082BA}.Debug|Any CPU.Build.0 = Debug|Any CPU
		{CA15FB04-08BA-435F-9148-D1024BC082BA}.Release|Any CPU.ActiveCfg = Release|Any CPU
		{CA15FB04-08BA-435F-9148-D1024BC082BA}.Release|Any CPU.Build.0 = Release|Any CPU
	EndGlobalSection
	GlobalSection(SolutionProperties) = preSolution
		HideSolutionNode = FALSE
	EndGlobalSection
	GlobalSection(ExtensibilityGlobals) = postSolution
		SolutionGuid = {814A6608-1777-4F93-BFE2-1B2125057BB0}
	EndGlobalSection
EndGlobal
